
Microsoft Visual Studio Solution File, Format Version 12.00
# Visual Studio Version 16
VisualStudioVersion = 16.0.30413.136
MinimumVisualStudioVersion = 10.0.40219.1
Project("{FAE04EC0-301F-11D3-BF4B-00C04F79EFBC}") = "SharedComponents", "SharedComponents\SharedComponents.csproj", "{415F50C3-BD70-4634-B1F7-A15B42F0B0C6}"
EndProject
Project("{FAE04EC0-301F-11D3-BF4B-00C04F79EFBC}") = "AntMe", "AntMe\AntMe.csproj", "{931D5011-AE62-420D-8503-F5441136876A}"
	ProjectSection(ProjectDependencies) = postProject
		{D622F308-35A9-4A86-8F2C-4E68CECA7C11} = {D622F308-35A9-4A86-8F2C-4E68CECA7C11}
		{C2758F41-87EC-4355-AC1A-EB8704D5D799} = {C2758F41-87EC-4355-AC1A-EB8704D5D799}
		{35753E72-07F3-4F18-916C-479850EC375F} = {35753E72-07F3-4F18-916C-479850EC375F}
		{641B7F7F-153F-419C-93D4-F0BD2A5E53CF} = {641B7F7F-153F-419C-93D4-F0BD2A5E53CF}
		{4083B1E6-5EB5-4E51-BB09-EEC4B489F355} = {4083B1E6-5EB5-4E51-BB09-EEC4B489F355}
	EndProjectSection
EndProject
Project("{FAE04EC0-301F-11D3-BF4B-00C04F79EFBC}") = "DemoAmeisen", "DemoAmeisen\DemoAmeisen.csproj", "{B53ECAD8-961B-4179-BB46-993DA25DA6DF}"
EndProject
Project("{FAE04EC0-301F-11D3-BF4B-00C04F79EFBC}") = "GdiPlusPlugin", "GdiPlusPlugin\GdiPlusPlugin.csproj", "{4083B1E6-5EB5-4E51-BB09-EEC4B489F355}"
EndProject
Project("{FAE04EC0-301F-11D3-BF4B-00C04F79EFBC}") = "SimulationCore", "SimulationCore\SimulationCore.csproj", "{35753E72-07F3-4F18-916C-479850EC375F}"
EndProject
Project("{FAE04EC0-301F-11D3-BF4B-00C04F79EFBC}") = "SimulationPlugin", "SimulationPlugin\SimulationPlugin.csproj", "{D622F308-35A9-4A86-8F2C-4E68CECA7C11}"
EndProject
Project("{FAE04EC0-301F-11D3-BF4B-00C04F79EFBC}") = "AntMe.Online.Client", "AntMe.Online.Client\AntMe.Online.Client.csproj", "{43E44B6C-78F6-4515-88F2-C238B51886C5}"
EndProject
Project("{FAE04EC0-301F-11D3-BF4B-00C04F79EFBC}") = "OnlinePlugin", "OnlinePlugin\OnlinePlugin.csproj", "{641B7F7F-153F-419C-93D4-F0BD2A5E53CF}"
EndProject
Project("{930C7802-8A8C-48F9-8165-68863BCCD9DD}") = "Setup", "Setup\Setup.wixproj", "{EC7AA916-0218-436F-B4DC-510BDB769260}"
EndProject
Project("{FAE04EC0-301F-11D3-BF4B-00C04F79EFBC}") = "VideoPlugin", "VideoPlugin\VideoPlugin.csproj", "{C2758F41-87EC-4355-AC1A-EB8704D5D799}"
EndProject
Project("{FAE04EC0-301F-11D3-BF4B-00C04F79EFBC}") = "PlayerManagement", "PlayerManagement\PlayerManagement.csproj", "{5D566A2A-C112-4543-95EA-F3E81A53CDE9}"
EndProject
Project("{7CF6DF6D-3B04-46F8-A40B-537D21BCA0B4}") = "Help.English", "Help.English\Help.English.shfbproj", "{BB67687E-A69B-4F7B-88B0-1DBBFDF74203}"
EndProject
Project("{7CF6DF6D-3B04-46F8-A40B-537D21BCA0B4}") = "Help.Deutsch", "Help.Deutsch\Help.Deutsch.shfbproj", "{70390B5E-0CE3-4F2D-9BA7-68F948D9D5F3}"
EndProject
Project("{7CF6DF6D-3B04-46F8-A40B-537D21BCA0B4}") = "Help.SDK", "Help.SDK\Help.SDK.shfbproj", "{DBC732ED-CB38-41F5-BE5A-EC4E6AEE39D0}"
EndProject
Project("{FAE04EC0-301F-11D3-BF4B-00C04F79EFBC}") = "FnaPlugin", "FnaPlugin\FnaPlugin.csproj", "{B82CB28B-7468-47DA-939D-E21834C1AEE0}"
EndProject
Global
	GlobalSection(SolutionConfigurationPlatforms) = preSolution
		Debug|Any CPU = Debug|Any CPU
		Release|Any CPU = Release|Any CPU
	EndGlobalSection
	GlobalSection(ProjectConfigurationPlatforms) = postSolution
		{415F50C3-BD70-4634-B1F7-A15B42F0B0C6}.Debug|Any CPU.ActiveCfg = Debug|Any CPU
		{415F50C3-BD70-4634-B1F7-A15B42F0B0C6}.Debug|Any CPU.Build.0 = Debug|Any CPU
		{415F50C3-BD70-4634-B1F7-A15B42F0B0C6}.Release|Any CPU.ActiveCfg = Release|Any CPU
		{415F50C3-BD70-4634-B1F7-A15B42F0B0C6}.Release|Any CPU.Build.0 = Release|Any CPU
		{931D5011-AE62-420D-8503-F5441136876A}.Debug|Any CPU.ActiveCfg = Debug|Any CPU
		{931D5011-AE62-420D-8503-F5441136876A}.Debug|Any CPU.Build.0 = Debug|Any CPU
		{931D5011-AE62-420D-8503-F5441136876A}.Release|Any CPU.ActiveCfg = Release|Any CPU
		{931D5011-AE62-420D-8503-F5441136876A}.Release|Any CPU.Build.0 = Release|Any CPU
		{B53ECAD8-961B-4179-BB46-993DA25DA6DF}.Debug|Any CPU.ActiveCfg = Debug|Any CPU
		{B53ECAD8-961B-4179-BB46-993DA25DA6DF}.Debug|Any CPU.Build.0 = Debug|Any CPU
		{B53ECAD8-961B-4179-BB46-993DA25DA6DF}.Release|Any CPU.ActiveCfg = Release|Any CPU
		{B53ECAD8-961B-4179-BB46-993DA25DA6DF}.Release|Any CPU.Build.0 = Release|Any CPU
		{4083B1E6-5EB5-4E51-BB09-EEC4B489F355}.Debug|Any CPU.ActiveCfg = Debug|Any CPU
		{4083B1E6-5EB5-4E51-BB09-EEC4B489F355}.Debug|Any CPU.Build.0 = Debug|Any CPU
		{4083B1E6-5EB5-4E51-BB09-EEC4B489F355}.Release|Any CPU.ActiveCfg = Release|Any CPU
		{4083B1E6-5EB5-4E51-BB09-EEC4B489F355}.Release|Any CPU.Build.0 = Release|Any CPU
		{35753E72-07F3-4F18-916C-479850EC375F}.Debug|Any CPU.ActiveCfg = Debug|Any CPU
		{35753E72-07F3-4F18-916C-479850EC375F}.Debug|Any CPU.Build.0 = Debug|Any CPU
		{35753E72-07F3-4F18-916C-479850EC375F}.Release|Any CPU.ActiveCfg = Release|Any CPU
		{35753E72-07F3-4F18-916C-479850EC375F}.Release|Any CPU.Build.0 = Release|Any CPU
		{D622F308-35A9-4A86-8F2C-4E68CECA7C11}.Debug|Any CPU.ActiveCfg = Debug|Any CPU
		{D622F308-35A9-4A86-8F2C-4E68CECA7C11}.Debug|Any CPU.Build.0 = Debug|Any CPU
		{D622F308-35A9-4A86-8F2C-4E68CECA7C11}.Release|Any CPU.ActiveCfg = Release|Any CPU
		{D622F308-35A9-4A86-8F2C-4E68CECA7C11}.Release|Any CPU.Build.0 = Release|Any CPU
		{43E44B6C-78F6-4515-88F2-C238B51886C5}.Debug|Any CPU.ActiveCfg = Debug|Any CPU
		{43E44B6C-78F6-4515-88F2-C238B51886C5}.Debug|Any CPU.Build.0 = Debug|Any CPU
		{43E44B6C-78F6-4515-88F2-C238B51886C5}.Release|Any CPU.ActiveCfg = Release|Any CPU
		{43E44B6C-78F6-4515-88F2-C238B51886C5}.Release|Any CPU.Build.0 = Release|Any CPU
		{641B7F7F-153F-419C-93D4-F0BD2A5E53CF}.Debug|Any CPU.ActiveCfg = Debug|Any CPU
		{641B7F7F-153F-419C-93D4-F0BD2A5E53CF}.Debug|Any CPU.Build.0 = Debug|Any CPU
		{641B7F7F-153F-419C-93D4-F0BD2A5E53CF}.Release|Any CPU.ActiveCfg = Release|Any CPU
		{641B7F7F-153F-419C-93D4-F0BD2A5E53CF}.Release|Any CPU.Build.0 = Release|Any CPU
		{EC7AA916-0218-436F-B4DC-510BDB769260}.Debug|Any CPU.ActiveCfg = Debug|x86
		{EC7AA916-0218-436F-B4DC-510BDB769260}.Release|Any CPU.ActiveCfg = Release|x86
		{EC7AA916-0218-436F-B4DC-510BDB769260}.Release|Any CPU.Build.0 = Release|x86
		{C2758F41-87EC-4355-AC1A-EB8704D5D799}.Debug|Any CPU.ActiveCfg = Debug|Any CPU
		{C2758F41-87EC-4355-AC1A-EB8704D5D799}.Debug|Any CPU.Build.0 = Debug|Any CPU
		{C2758F41-87EC-4355-AC1A-EB8704D5D799}.Release|Any CPU.ActiveCfg = Release|Any CPU
		{C2758F41-87EC-4355-AC1A-EB8704D5D799}.Release|Any CPU.Build.0 = Release|Any CPU
		{5D566A2A-C112-4543-95EA-F3E81A53CDE9}.Debug|Any CPU.ActiveCfg = Debug|Any CPU
		{5D566A2A-C112-4543-95EA-F3E81A53CDE9}.Debug|Any CPU.Build.0 = Debug|Any CPU
		{5D566A2A-C112-4543-95EA-F3E81A53CDE9}.Release|Any CPU.ActiveCfg = Release|Any CPU
		{5D566A2A-C112-4543-95EA-F3E81A53CDE9}.Release|Any CPU.Build.0 = Release|Any CPU
		{BB67687E-A69B-4F7B-88B0-1DBBFDF74203}.Debug|Any CPU.ActiveCfg = Debug|Any CPU
		{BB67687E-A69B-4F7B-88B0-1DBBFDF74203}.Release|Any CPU.ActiveCfg = Release|Any CPU
		{70390B5E-0CE3-4F2D-9BA7-68F948D9D5F3}.Debug|Any CPU.ActiveCfg = Debug|Any CPU
		{70390B5E-0CE3-4F2D-9BA7-68F948D9D5F3}.Release|Any CPU.ActiveCfg = Release|Any CPU
		{DBC732ED-CB38-41F5-BE5A-EC4E6AEE39D0}.Debug|Any CPU.ActiveCfg = Debug|Any CPU
		{DBC732ED-CB38-41F5-BE5A-EC4E6AEE39D0}.Release|Any CPU.ActiveCfg = Release|Any CPU
		{B82CB28B-7468-47DA-939D-E21834C1AEE0}.Debug|Any CPU.ActiveCfg = Debug|Any CPU
		{B82CB28B-7468-47DA-939D-E21834C1AEE0}.Debug|Any CPU.Build.0 = Debug|Any CPU
		{B82CB28B-7468-47DA-939D-E21834C1AEE0}.Release|Any CPU.ActiveCfg = Release|Any CPU
		{B82CB28B-7468-47DA-939D-E21834C1AEE0}.Release|Any CPU.Build.0 = Release|Any CPU
	EndGlobalSection
	GlobalSection(SolutionProperties) = preSolution
		HideSolutionNode = FALSE
	EndGlobalSection
	GlobalSection(ExtensibilityGlobals) = postSolution
		SolutionGuid = {A4F04CB2-D568-4794-BED8-4F1242799454}
	EndGlobalSection
EndGlobal
