
Microsoft Visual Studio Solution File, Format Version 12.00
# Visual Studio 14
VisualStudioVersion = 14.0.25123.0
MinimumVisualStudioVersion = 10.0.40219.1
Project("{FAE04EC0-301F-11D3-BF4B-00C04F79EFBC}") = "SharedComponents", "SharedComponents\SharedComponents.csproj", "{415F50C3-BD70-4634-B1F7-A15B42F0B0C6}"
EndProject
Project("{FAE04EC0-301F-11D3-BF4B-00C04F79EFBC}") = "AntMe", "AntMe\AntMe.csproj", "{931D5011-AE62-420D-8503-F5441136876A}"
EndProject
Project("{FAE04EC0-301F-11D3-BF4B-00C04F79EFBC}") = "DemoAmeisen", "DemoAmeisen\DemoAmeisen.csproj", "{B53ECAD8-961B-4179-BB46-993DA25DA6DF}"
EndProject
Project("{FAE04EC0-301F-11D3-BF4B-00C04F79EFBC}") = "GdiPlusPlugin", "GdiPlusPlugin\GdiPlusPlugin.csproj", "{4083B1E6-5EB5-4E51-BB09-EEC4B489F355}"
EndProject
Project("{FAE04EC0-301F-11D3-BF4B-00C04F79EFBC}") = "SimulationCore", "SimulationCore\SimulationCore.csproj", "{35753E72-07F3-4F18-916C-479850EC375F}"
EndProject
Project("{FAE04EC0-301F-11D3-BF4B-00C04F79EFBC}") = "SimulationPlugin", "SimulationPlugin\SimulationPlugin.csproj", "{D622F308-35A9-4A86-8F2C-4E68CECA7C11}"
EndProject
Project("{FAE04EC0-301F-11D3-BF4B-00C04F79EFBC}") = "XnaPlugin", "XnaPlugin\XnaPlugin\XnaPlugin.csproj", "{4FDD2B0D-C481-401E-A794-2111BF15F39E}"
EndProject
Project("{FAE04EC0-301F-11D3-BF4B-00C04F79EFBC}") = "AntMe.Online.Client", "AntMe.Online.Client\AntMe.Online.Client.csproj", "{43E44B6C-78F6-4515-88F2-C238B51886C5}"
EndProject
Project("{930C7802-8A8C-48F9-8165-68863BCCD9DD}") = "Setup", "Setup\Setup.wixproj", "{EC7AA916-0218-436F-B4DC-510BDB769260}"
EndProject
Project("{FAE04EC0-301F-11D3-BF4B-00C04F79EFBC}") = "XnaPluginContent", "XnaPlugin\XnaPluginContent\XnaPluginContent.contentproj", "{B09C7823-AFF3-45A4-AAAC-88821B464DEC}"
EndProject
Global
	GlobalSection(SolutionConfigurationPlatforms) = preSolution
		Debug|x86 = Debug|x86
		Release|x86 = Release|x86
	EndGlobalSection
	GlobalSection(ProjectConfigurationPlatforms) = postSolution
		{415F50C3-BD70-4634-B1F7-A15B42F0B0C6}.Debug|x86.ActiveCfg = Debug|x86
		{415F50C3-BD70-4634-B1F7-A15B42F0B0C6}.Debug|x86.Build.0 = Debug|x86
		{415F50C3-BD70-4634-B1F7-A15B42F0B0C6}.Release|x86.ActiveCfg = Release|x86
		{415F50C3-BD70-4634-B1F7-A15B42F0B0C6}.Release|x86.Build.0 = Release|x86
		{931D5011-AE62-420D-8503-F5441136876A}.Debug|x86.ActiveCfg = Debug|x86
		{931D5011-AE62-420D-8503-F5441136876A}.Debug|x86.Build.0 = Debug|x86
		{931D5011-AE62-420D-8503-F5441136876A}.Release|x86.ActiveCfg = Release|x86
		{931D5011-AE62-420D-8503-F5441136876A}.Release|x86.Build.0 = Release|x86
		{B53ECAD8-961B-4179-BB46-993DA25DA6DF}.Debug|x86.ActiveCfg = Debug|x86
		{B53ECAD8-961B-4179-BB46-993DA25DA6DF}.Debug|x86.Build.0 = Debug|x86
		{B53ECAD8-961B-4179-BB46-993DA25DA6DF}.Release|x86.ActiveCfg = Release|x86
		{B53ECAD8-961B-4179-BB46-993DA25DA6DF}.Release|x86.Build.0 = Release|x86
		{4083B1E6-5EB5-4E51-BB09-EEC4B489F355}.Debug|x86.ActiveCfg = Debug|x86
		{4083B1E6-5EB5-4E51-BB09-EEC4B489F355}.Debug|x86.Build.0 = Debug|x86
		{4083B1E6-5EB5-4E51-BB09-EEC4B489F355}.Release|x86.ActiveCfg = Release|x86
		{4083B1E6-5EB5-4E51-BB09-EEC4B489F355}.Release|x86.Build.0 = Release|x86
		{35753E72-07F3-4F18-916C-479850EC375F}.Debug|x86.ActiveCfg = Debug|x86
		{35753E72-07F3-4F18-916C-479850EC375F}.Debug|x86.Build.0 = Debug|x86
		{35753E72-07F3-4F18-916C-479850EC375F}.Release|x86.ActiveCfg = Release|x86
		{35753E72-07F3-4F18-916C-479850EC375F}.Release|x86.Build.0 = Release|x86
		{D622F308-35A9-4A86-8F2C-4E68CECA7C11}.Debug|x86.ActiveCfg = Debug|x86
		{D622F308-35A9-4A86-8F2C-4E68CECA7C11}.Debug|x86.Build.0 = Debug|x86
		{D622F308-35A9-4A86-8F2C-4E68CECA7C11}.Release|x86.ActiveCfg = Release|x86
		{D622F308-35A9-4A86-8F2C-4E68CECA7C11}.Release|x86.Build.0 = Release|x86
		{4FDD2B0D-C481-401E-A794-2111BF15F39E}.Debug|x86.ActiveCfg = Debug|x86
		{4FDD2B0D-C481-401E-A794-2111BF15F39E}.Debug|x86.Build.0 = Debug|x86
		{4FDD2B0D-C481-401E-A794-2111BF15F39E}.Release|x86.ActiveCfg = Release|x86
		{4FDD2B0D-C481-401E-A794-2111BF15F39E}.Release|x86.Build.0 = Release|x86
		{43E44B6C-78F6-4515-88F2-C238B51886C5}.Debug|x86.ActiveCfg = Debug|x86
		{43E44B6C-78F6-4515-88F2-C238B51886C5}.Debug|x86.Build.0 = Debug|x86
		{43E44B6C-78F6-4515-88F2-C238B51886C5}.Release|x86.ActiveCfg = Release|x86
		{43E44B6C-78F6-4515-88F2-C238B51886C5}.Release|x86.Build.0 = Release|x86
		{EC7AA916-0218-436F-B4DC-510BDB769260}.Debug|x86.ActiveCfg = Debug|x86
		{EC7AA916-0218-436F-B4DC-510BDB769260}.Debug|x86.Build.0 = Debug|x86
		{EC7AA916-0218-436F-B4DC-510BDB769260}.Release|x86.ActiveCfg = Release|x86
		{EC7AA916-0218-436F-B4DC-510BDB769260}.Release|x86.Build.0 = Release|x86
		{B09C7823-AFF3-45A4-AAAC-88821B464DEC}.Debug|x86.ActiveCfg = Debug|x86
		{B09C7823-AFF3-45A4-AAAC-88821B464DEC}.Release|x86.ActiveCfg = Release|x86
	EndGlobalSection
	GlobalSection(SolutionProperties) = preSolution
		HideSolutionNode = FALSE
	EndGlobalSection
EndGlobal
